// !$*UTF8*$!
{
	archiveVersion = 1;
	classes = {
	};
	objectVersion = 55;
	objects = {

/* Begin PBXBuildFile section */
		3F5AD2708F82FBC84ECE7DCF /* Pods_ios_developer_community.framework in Frameworks */ = {isa = PBXBuildFile; fileRef = B58C42A7E7AAA10147E68696 /* Pods_ios_developer_community.framework */; };
		D245D7C2281B244800180AD0 /* MaterialsViewController.swift in Sources */ = {isa = PBXBuildFile; fileRef = D245D7C1281B244800180AD0 /* MaterialsViewController.swift */; };
		D245D7C6281B246B00180AD0 /* TabBar.swift in Sources */ = {isa = PBXBuildFile; fileRef = D245D7C5281B246B00180AD0 /* TabBar.swift */; };
		D245D7C8281B248800180AD0 /* MaterialsView.swift in Sources */ = {isa = PBXBuildFile; fileRef = D245D7C7281B248800180AD0 /* MaterialsView.swift */; };
		D245D7CB281B24A400180AD0 /* CellCollectionView.swift in Sources */ = {isa = PBXBuildFile; fileRef = D245D7CA281B24A400180AD0 /* CellCollectionView.swift */; };
		D245D7CE281B24C400180AD0 /* OurMaterials.swift in Sources */ = {isa = PBXBuildFile; fileRef = D245D7CD281B24C400180AD0 /* OurMaterials.swift */; };
		D245D7D0281B24CF00180AD0 /* MainMaterialsModel.swift in Sources */ = {isa = PBXBuildFile; fileRef = D245D7CF281B24CF00180AD0 /* MainMaterialsModel.swift */; };
		D287870A2815751B006CB00B /* AppDelegate.swift in Sources */ = {isa = PBXBuildFile; fileRef = D28787092815751B006CB00B /* AppDelegate.swift */; };
		D287870C2815751B006CB00B /* SceneDelegate.swift in Sources */ = {isa = PBXBuildFile; fileRef = D287870B2815751B006CB00B /* SceneDelegate.swift */; };
		D28787132815751D006CB00B /* Assets.xcassets in Resources */ = {isa = PBXBuildFile; fileRef = D28787122815751D006CB00B /* Assets.xcassets */; };
		D28787162815751D006CB00B /* LaunchScreen.storyboard in Resources */ = {isa = PBXBuildFile; fileRef = D28787142815751D006CB00B /* LaunchScreen.storyboard */; };
		D2DED84728230BB8002DC2AB /* DetaiInformation.swift in Sources */ = {isa = PBXBuildFile; fileRef = D2DED84628230BB8002DC2AB /* DetaiInformation.swift */; };
		D2DED84A28231C84002DC2AB /* DetailInfoView.swift in Sources */ = {isa = PBXBuildFile; fileRef = D2DED84928231C84002DC2AB /* DetailInfoView.swift */; };
/* End PBXBuildFile section */

/* Begin PBXFileReference section */
		B58C42A7E7AAA10147E68696 /* Pods_ios_developer_community.framework */ = {isa = PBXFileReference; explicitFileType = wrapper.framework; includeInIndex = 0; path = Pods_ios_developer_community.framework; sourceTree = BUILT_PRODUCTS_DIR; };
		C813EED3335884DA5A0F3C54 /* Pods-ios developer community.release.xcconfig */ = {isa = PBXFileReference; includeInIndex = 1; lastKnownFileType = text.xcconfig; name = "Pods-ios developer community.release.xcconfig"; path = "Target Support Files/Pods-ios developer community/Pods-ios developer community.release.xcconfig"; sourceTree = "<group>"; };
		D245D7C1281B244800180AD0 /* MaterialsViewController.swift */ = {isa = PBXFileReference; lastKnownFileType = sourcecode.swift; path = MaterialsViewController.swift; sourceTree = "<group>"; };
		D245D7C5281B246B00180AD0 /* TabBar.swift */ = {isa = PBXFileReference; lastKnownFileType = sourcecode.swift; path = TabBar.swift; sourceTree = "<group>"; };
		D245D7C7281B248800180AD0 /* MaterialsView.swift */ = {isa = PBXFileReference; lastKnownFileType = sourcecode.swift; path = MaterialsView.swift; sourceTree = "<group>"; };
		D245D7CA281B24A400180AD0 /* CellCollectionView.swift */ = {isa = PBXFileReference; lastKnownFileType = sourcecode.swift; path = CellCollectionView.swift; sourceTree = "<group>"; };
		D245D7CD281B24C400180AD0 /* OurMaterials.swift */ = {isa = PBXFileReference; lastKnownFileType = sourcecode.swift; path = OurMaterials.swift; sourceTree = "<group>"; };
		D245D7CF281B24CF00180AD0 /* MainMaterialsModel.swift */ = {isa = PBXFileReference; lastKnownFileType = sourcecode.swift; path = MainMaterialsModel.swift; sourceTree = "<group>"; };
		D28787062815751B006CB00B /* ios developer community.app */ = {isa = PBXFileReference; explicitFileType = wrapper.application; includeInIndex = 0; path = "ios developer community.app"; sourceTree = BUILT_PRODUCTS_DIR; };
		D28787092815751B006CB00B /* AppDelegate.swift */ = {isa = PBXFileReference; lastKnownFileType = sourcecode.swift; path = AppDelegate.swift; sourceTree = "<group>"; };
		D287870B2815751B006CB00B /* SceneDelegate.swift */ = {isa = PBXFileReference; lastKnownFileType = sourcecode.swift; path = SceneDelegate.swift; sourceTree = "<group>"; };
		D28787122815751D006CB00B /* Assets.xcassets */ = {isa = PBXFileReference; lastKnownFileType = folder.assetcatalog; path = Assets.xcassets; sourceTree = "<group>"; };
		D28787152815751D006CB00B /* Base */ = {isa = PBXFileReference; lastKnownFileType = file.storyboard; name = Base; path = Base.lproj/LaunchScreen.storyboard; sourceTree = "<group>"; };
		D28787172815751D006CB00B /* Info.plist */ = {isa = PBXFileReference; lastKnownFileType = text.plist.xml; path = Info.plist; sourceTree = "<group>"; };
		D2DED84628230BB8002DC2AB /* DetaiInformation.swift */ = {isa = PBXFileReference; lastKnownFileType = sourcecode.swift; path = DetaiInformation.swift; sourceTree = "<group>"; };
		D2DED84928231C84002DC2AB /* DetailInfoView.swift */ = {isa = PBXFileReference; lastKnownFileType = sourcecode.swift; path = DetailInfoView.swift; sourceTree = "<group>"; };
		DFCF241D9D5899B40522414F /* Pods-ios developer community.debug.xcconfig */ = {isa = PBXFileReference; includeInIndex = 1; lastKnownFileType = text.xcconfig; name = "Pods-ios developer community.debug.xcconfig"; path = "Target Support Files/Pods-ios developer community/Pods-ios developer community.debug.xcconfig"; sourceTree = "<group>"; };
/* End PBXFileReference section */

/* Begin PBXFrameworksBuildPhase section */
		D28787032815751B006CB00B /* Frameworks */ = {
			isa = PBXFrameworksBuildPhase;
			buildActionMask = 2147483647;
			files = (
				3F5AD2708F82FBC84ECE7DCF /* Pods_ios_developer_community.framework in Frameworks */,
			);
			runOnlyForDeploymentPostprocessing = 0;
		};
/* End PBXFrameworksBuildPhase section */

/* Begin PBXGroup section */
		4231C142CC46325DF38D7A08 /* Frameworks */ = {
			isa = PBXGroup;
			children = (
				B58C42A7E7AAA10147E68696 /* Pods_ios_developer_community.framework */,
			);
			name = Frameworks;
			sourceTree = "<group>";
		};
		D245D7C9281B249900180AD0 /* MaterialsScreenCellCollectionView */ = {
			isa = PBXGroup;
			children = (
				D245D7CA281B24A400180AD0 /* CellCollectionView.swift */,
			);
			path = MaterialsScreenCellCollectionView;
			sourceTree = "<group>";
		};
		D245D7CC281B24B600180AD0 /* Model */ = {
			isa = PBXGroup;
			children = (
				D245D7CD281B24C400180AD0 /* OurMaterials.swift */,
				D245D7CF281B24CF00180AD0 /* MainMaterialsModel.swift */,
			);
			path = Model;
			sourceTree = "<group>";
		};
		D245D7D1281B32D500180AD0 /* LibraryScreen */ = {
			isa = PBXGroup;
			children = (
				D245D7C1281B244800180AD0 /* MaterialsViewController.swift */,
			);
			path = LibraryScreen;
			sourceTree = "<group>";
		};
		D245D7D2281B341700180AD0 /* TabBar */ = {
			isa = PBXGroup;
			children = (
				D245D7C5281B246B00180AD0 /* TabBar.swift */,
			);
			path = TabBar;
			sourceTree = "<group>";
		};
		D28786FD2815751B006CB00B = {
			isa = PBXGroup;
			children = (
				D28787082815751B006CB00B /* ios developer community */,
				D28787072815751B006CB00B /* Products */,
				DDF33772BF6B6A74DB2D0683 /* Pods */,
				4231C142CC46325DF38D7A08 /* Frameworks */,
			);
			sourceTree = "<group>";
		};
		D28787072815751B006CB00B /* Products */ = {
			isa = PBXGroup;
			children = (
				D28787062815751B006CB00B /* ios developer community.app */,
			);
			name = Products;
			sourceTree = "<group>";
		};
		D28787082815751B006CB00B /* ios developer community */ = {
			isa = PBXGroup;
			children = (
				D287872028158895006CB00B /* SupportingFiles */,
				D245D7CC281B24B600180AD0 /* Model */,
				D287871E28158851006CB00B /* View */,
				D287871D2815884B006CB00B /* Controller */,
				D28787172815751D006CB00B /* Info.plist */,
			);
			path = "ios developer community";
			sourceTree = "<group>";
		};
		D287871D2815884B006CB00B /* Controller */ = {
			isa = PBXGroup;
			children = (
				D245D7D1281B32D500180AD0 /* LibraryScreen */,
				D2DED848282313A6002DC2AB /* DetailScreen */,
				D245D7D2281B341700180AD0 /* TabBar */,
			);
			path = Controller;
			sourceTree = "<group>";
		};
		D287871E28158851006CB00B /* View */ = {
			isa = PBXGroup;
			children = (
				D28787142815751D006CB00B /* LaunchScreen.storyboard */,
				D245D7C7281B248800180AD0 /* MaterialsView.swift */,
				D2DED84928231C84002DC2AB /* DetailInfoView.swift */,
				D245D7C9281B249900180AD0 /* MaterialsScreenCellCollectionView */,
			);
			path = View;
			sourceTree = "<group>";
		};
		D287872028158895006CB00B /* SupportingFiles */ = {
			isa = PBXGroup;
			children = (
				D28787122815751D006CB00B /* Assets.xcassets */,
				D287870B2815751B006CB00B /* SceneDelegate.swift */,
				D28787092815751B006CB00B /* AppDelegate.swift */,
			);
			path = SupportingFiles;
			sourceTree = "<group>";
		};
		D2DED848282313A6002DC2AB /* DetailScreen */ = {
			isa = PBXGroup;
			children = (
				D2DED84628230BB8002DC2AB /* DetaiInformation.swift */,
			);
			path = DetailScreen;
			sourceTree = "<group>";
		};
		DDF33772BF6B6A74DB2D0683 /* Pods */ = {
			isa = PBXGroup;
			children = (
				DFCF241D9D5899B40522414F /* Pods-ios developer community.debug.xcconfig */,
				C813EED3335884DA5A0F3C54 /* Pods-ios developer community.release.xcconfig */,
			);
			path = Pods;
			sourceTree = "<group>";
		};
/* End PBXGroup section */

/* Begin PBXNativeTarget section */
		D28787052815751B006CB00B /* ios developer community */ = {
			isa = PBXNativeTarget;
			buildConfigurationList = D287871A2815751D006CB00B /* Build configuration list for PBXNativeTarget "ios developer community" */;
			buildPhases = (
				F9B0ECF31C0847503E7E3082 /* [CP] Check Pods Manifest.lock */,
				D28787022815751B006CB00B /* Sources */,
				D28787032815751B006CB00B /* Frameworks */,
				D28787042815751B006CB00B /* Resources */,
				DCD0B831F90D1682CE4F7F7F /* [CP] Embed Pods Frameworks */,
			);
			buildRules = (
			);
			dependencies = (
			);
			name = "ios developer community";
			productName = "ios developer community";
			productReference = D28787062815751B006CB00B /* ios developer community.app */;
			productType = "com.apple.product-type.application";
		};
/* End PBXNativeTarget section */

/* Begin PBXProject section */
		D28786FE2815751B006CB00B /* Project object */ = {
			isa = PBXProject;
			attributes = {
				BuildIndependentTargetsInParallel = 1;
				LastSwiftUpdateCheck = 1330;
				LastUpgradeCheck = 1330;
				TargetAttributes = {
					D28787052815751B006CB00B = {
						CreatedOnToolsVersion = 13.3.1;
					};
				};
			};
			buildConfigurationList = D28787012815751B006CB00B /* Build configuration list for PBXProject "ios developer community" */;
			compatibilityVersion = "Xcode 13.0";
			developmentRegion = en;
			hasScannedForEncodings = 0;
			knownRegions = (
				en,
				Base,
			);
			mainGroup = D28786FD2815751B006CB00B;
			productRefGroup = D28787072815751B006CB00B /* Products */;
			projectDirPath = "";
			projectRoot = "";
			targets = (
				D28787052815751B006CB00B /* ios developer community */,
			);
		};
/* End PBXProject section */

/* Begin PBXResourcesBuildPhase section */
		D28787042815751B006CB00B /* Resources */ = {
			isa = PBXResourcesBuildPhase;
			buildActionMask = 2147483647;
			files = (
				D28787162815751D006CB00B /* LaunchScreen.storyboard in Resources */,
				D28787132815751D006CB00B /* Assets.xcassets in Resources */,
			);
			runOnlyForDeploymentPostprocessing = 0;
		};
/* End PBXResourcesBuildPhase section */

/* Begin PBXShellScriptBuildPhase section */
		DCD0B831F90D1682CE4F7F7F /* [CP] Embed Pods Frameworks */ = {
			isa = PBXShellScriptBuildPhase;
			buildActionMask = 2147483647;
			files = (
			);
			inputFileListPaths = (
				"${PODS_ROOT}/Target Support Files/Pods-ios developer community/Pods-ios developer community-frameworks-${CONFIGURATION}-input-files.xcfilelist",
			);
			name = "[CP] Embed Pods Frameworks";
			outputFileListPaths = (
				"${PODS_ROOT}/Target Support Files/Pods-ios developer community/Pods-ios developer community-frameworks-${CONFIGURATION}-output-files.xcfilelist",
			);
			runOnlyForDeploymentPostprocessing = 0;
			shellPath = /bin/sh;
			shellScript = "\"${PODS_ROOT}/Target Support Files/Pods-ios developer community/Pods-ios developer community-frameworks.sh\"\n";
			showEnvVarsInLog = 0;
		};
		F9B0ECF31C0847503E7E3082 /* [CP] Check Pods Manifest.lock */ = {
			isa = PBXShellScriptBuildPhase;
			buildActionMask = 2147483647;
			files = (
			);
			inputFileListPaths = (
			);
			inputPaths = (
				"${PODS_PODFILE_DIR_PATH}/Podfile.lock",
				"${PODS_ROOT}/Manifest.lock",
			);
			name = "[CP] Check Pods Manifest.lock";
			outputFileListPaths = (
			);
			outputPaths = (
				"$(DERIVED_FILE_DIR)/Pods-ios developer community-checkManifestLockResult.txt",
			);
			runOnlyForDeploymentPostprocessing = 0;
			shellPath = /bin/sh;
			shellScript = "diff \"${PODS_PODFILE_DIR_PATH}/Podfile.lock\" \"${PODS_ROOT}/Manifest.lock\" > /dev/null\nif [ $? != 0 ] ; then\n    # print error to STDERR\n    echo \"error: The sandbox is not in sync with the Podfile.lock. Run 'pod install' or update your CocoaPods installation.\" >&2\n    exit 1\nfi\n# This output is used by Xcode 'outputs' to avoid re-running this script phase.\necho \"SUCCESS\" > \"${SCRIPT_OUTPUT_FILE_0}\"\n";
			showEnvVarsInLog = 0;
		};
/* End PBXShellScriptBuildPhase section */

/* Begin PBXSourcesBuildPhase section */
		D28787022815751B006CB00B /* Sources */ = {
			isa = PBXSourcesBuildPhase;
			buildActionMask = 2147483647;
			files = (
				D245D7CB281B24A400180AD0 /* CellCollectionView.swift in Sources */,
				D245D7C2281B244800180AD0 /* MaterialsViewController.swift in Sources */,
				D287870A2815751B006CB00B /* AppDelegate.swift in Sources */,
				D245D7C8281B248800180AD0 /* MaterialsView.swift in Sources */,
				D245D7D0281B24CF00180AD0 /* MainMaterialsModel.swift in Sources */,
				D245D7CE281B24C400180AD0 /* OurMaterials.swift in Sources */,
				D287870C2815751B006CB00B /* SceneDelegate.swift in Sources */,
				D2DED84A28231C84002DC2AB /* DetailInfoView.swift in Sources */,
				D2DED84728230BB8002DC2AB /* DetaiInformation.swift in Sources */,
				D245D7C6281B246B00180AD0 /* TabBar.swift in Sources */,
			);
			runOnlyForDeploymentPostprocessing = 0;
		};
/* End PBXSourcesBuildPhase section */

/* Begin PBXVariantGroup section */
		D28787142815751D006CB00B /* LaunchScreen.storyboard */ = {
			isa = PBXVariantGroup;
			children = (
				D28787152815751D006CB00B /* Base */,
			);
			name = LaunchScreen.storyboard;
			sourceTree = "<group>";
		};
/* End PBXVariantGroup section */

/* Begin XCBuildConfiguration section */
		D28787182815751D006CB00B /* Debug */ = {
			isa = XCBuildConfiguration;
			buildSettings = {
				ALWAYS_SEARCH_USER_PATHS = NO;
				CLANG_ANALYZER_NONNULL = YES;
				CLANG_ANALYZER_NUMBER_OBJECT_CONVERSION = YES_AGGRESSIVE;
				CLANG_CXX_LANGUAGE_STANDARD = "gnu++17";
				CLANG_ENABLE_MODULES = YES;
				CLANG_ENABLE_OBJC_ARC = YES;
				CLANG_ENABLE_OBJC_WEAK = YES;
				CLANG_WARN_BLOCK_CAPTURE_AUTORELEASING = YES;
				CLANG_WARN_BOOL_CONVERSION = YES;
				CLANG_WARN_COMMA = YES;
				CLANG_WARN_CONSTANT_CONVERSION = YES;
				CLANG_WARN_DEPRECATED_OBJC_IMPLEMENTATIONS = YES;
				CLANG_WARN_DIRECT_OBJC_ISA_USAGE = YES_ERROR;
				CLANG_WARN_DOCUMENTATION_COMMENTS = YES;
				CLANG_WARN_EMPTY_BODY = YES;
				CLANG_WARN_ENUM_CONVERSION = YES;
				CLANG_WARN_INFINITE_RECURSION = YES;
				CLANG_WARN_INT_CONVERSION = YES;
				CLANG_WARN_NON_LITERAL_NULL_CONVERSION = YES;
				CLANG_WARN_OBJC_IMPLICIT_RETAIN_SELF = YES;
				CLANG_WARN_OBJC_LITERAL_CONVERSION = YES;
				CLANG_WARN_OBJC_ROOT_CLASS = YES_ERROR;
				CLANG_WARN_QUOTED_INCLUDE_IN_FRAMEWORK_HEADER = YES;
				CLANG_WARN_RANGE_LOOP_ANALYSIS = YES;
				CLANG_WARN_STRICT_PROTOTYPES = YES;
				CLANG_WARN_SUSPICIOUS_MOVE = YES;
				CLANG_WARN_UNGUARDED_AVAILABILITY = YES_AGGRESSIVE;
				CLANG_WARN_UNREACHABLE_CODE = YES;
				CLANG_WARN__DUPLICATE_METHOD_MATCH = YES;
				COPY_PHASE_STRIP = NO;
				DEBUG_INFORMATION_FORMAT = dwarf;
				ENABLE_STRICT_OBJC_MSGSEND = YES;
				ENABLE_TESTABILITY = YES;
				GCC_C_LANGUAGE_STANDARD = gnu11;
				GCC_DYNAMIC_NO_PIC = NO;
				GCC_NO_COMMON_BLOCKS = YES;
				GCC_OPTIMIZATION_LEVEL = 0;
				GCC_PREPROCESSOR_DEFINITIONS = (
					"DEBUG=1",
					"$(inherited)",
				);
				GCC_WARN_64_TO_32_BIT_CONVERSION = YES;
				GCC_WARN_ABOUT_RETURN_TYPE = YES_ERROR;
				GCC_WARN_UNDECLARED_SELECTOR = YES;
				GCC_WARN_UNINITIALIZED_AUTOS = YES_AGGRESSIVE;
				GCC_WARN_UNUSED_FUNCTION = YES;
				GCC_WARN_UNUSED_VARIABLE = YES;
				IPHONEOS_DEPLOYMENT_TARGET = 15.4;
				MTL_ENABLE_DEBUG_INFO = INCLUDE_SOURCE;
				MTL_FAST_MATH = YES;
				ONLY_ACTIVE_ARCH = YES;
				SDKROOT = iphoneos;
				SWIFT_ACTIVE_COMPILATION_CONDITIONS = DEBUG;
				SWIFT_OPTIMIZATION_LEVEL = "-Onone";
			};
			name = Debug;
		};
		D28787192815751D006CB00B /* Release */ = {
			isa = XCBuildConfiguration;
			buildSettings = {
				ALWAYS_SEARCH_USER_PATHS = NO;
				CLANG_ANALYZER_NONNULL = YES;
				CLANG_ANALYZER_NUMBER_OBJECT_CONVERSION = YES_AGGRESSIVE;
				CLANG_CXX_LANGUAGE_STANDARD = "gnu++17";
				CLANG_ENABLE_MODULES = YES;
				CLANG_ENABLE_OBJC_ARC = YES;
				CLANG_ENABLE_OBJC_WEAK = YES;
				CLANG_WARN_BLOCK_CAPTURE_AUTORELEASING = YES;
				CLANG_WARN_BOOL_CONVERSION = YES;
				CLANG_WARN_COMMA = YES;
				CLANG_WARN_CONSTANT_CONVERSION = YES;
				CLANG_WARN_DEPRECATED_OBJC_IMPLEMENTATIONS = YES;
				CLANG_WARN_DIRECT_OBJC_ISA_USAGE = YES_ERROR;
				CLANG_WARN_DOCUMENTATION_COMMENTS = YES;
				CLANG_WARN_EMPTY_BODY = YES;
				CLANG_WARN_ENUM_CONVERSION = YES;
				CLANG_WARN_INFINITE_RECURSION = YES;
				CLANG_WARN_INT_CONVERSION = YES;
				CLANG_WARN_NON_LITERAL_NULL_CONVERSION = YES;
				CLANG_WARN_OBJC_IMPLICIT_RETAIN_SELF = YES;
				CLANG_WARN_OBJC_LITERAL_CONVERSION = YES;
				CLANG_WARN_OBJC_ROOT_CLASS = YES_ERROR;
				CLANG_WARN_QUOTED_INCLUDE_IN_FRAMEWORK_HEADER = YES;
				CLANG_WARN_RANGE_LOOP_ANALYSIS = YES;
				CLANG_WARN_STRICT_PROTOTYPES = YES;
				CLANG_WARN_SUSPICIOUS_MOVE = YES;
				CLANG_WARN_UNGUARDED_AVAILABILITY = YES_AGGRESSIVE;
				CLANG_WARN_UNREACHABLE_CODE = YES;
				CLANG_WARN__DUPLICATE_METHOD_MATCH = YES;
				COPY_PHASE_STRIP = NO;
				DEBUG_INFORMATION_FORMAT = "dwarf-with-dsym";
				ENABLE_NS_ASSERTIONS = NO;
				ENABLE_STRICT_OBJC_MSGSEND = YES;
				GCC_C_LANGUAGE_STANDARD = gnu11;
				GCC_NO_COMMON_BLOCKS = YES;
				GCC_WARN_64_TO_32_BIT_CONVERSION = YES;
				GCC_WARN_ABOUT_RETURN_TYPE = YES_ERROR;
				GCC_WARN_UNDECLARED_SELECTOR = YES;
				GCC_WARN_UNINITIALIZED_AUTOS = YES_AGGRESSIVE;
				GCC_WARN_UNUSED_FUNCTION = YES;
				GCC_WARN_UNUSED_VARIABLE = YES;
				IPHONEOS_DEPLOYMENT_TARGET = 15.4;
				MTL_ENABLE_DEBUG_INFO = NO;
				MTL_FAST_MATH = YES;
				SDKROOT = iphoneos;
				SWIFT_COMPILATION_MODE = wholemodule;
				SWIFT_OPTIMIZATION_LEVEL = "-O";
				VALIDATE_PRODUCT = YES;
			};
			name = Release;
		};
		D287871B2815751D006CB00B /* Debug */ = {
			isa = XCBuildConfiguration;
			baseConfigurationReference = DFCF241D9D5899B40522414F /* Pods-ios developer community.debug.xcconfig */;
			buildSettings = {
				ASSETCATALOG_COMPILER_APPICON_NAME = AppIcon;
				ASSETCATALOG_COMPILER_GLOBAL_ACCENT_COLOR_NAME = AccentColor;
				CODE_SIGN_STYLE = Automatic;
				CURRENT_PROJECT_VERSION = 1;
				DEVELOPMENT_TEAM = UJ8B9FFXUA;
				GENERATE_INFOPLIST_FILE = YES;
				INFOPLIST_FILE = "ios developer community/Info.plist";
				INFOPLIST_KEY_UIApplicationSupportsIndirectInputEvents = YES;
				INFOPLIST_KEY_UILaunchStoryboardName = LaunchScreen;
				INFOPLIST_KEY_UISupportedInterfaceOrientations_iPad = "UIInterfaceOrientationPortrait UIInterfaceOrientationPortraitUpsideDown UIInterfaceOrientationLandscapeLeft UIInterfaceOrientationLandscapeRight";
				INFOPLIST_KEY_UISupportedInterfaceOrientations_iPhone = "UIInterfaceOrientationPortrait UIInterfaceOrientationLandscapeLeft UIInterfaceOrientationLandscapeRight";
				LD_RUNPATH_SEARCH_PATHS = (
					"$(inherited)",
					"@executable_path/Frameworks",
				);
				MARKETING_VERSION = 1.0;
				PRODUCT_BUNDLE_IDENTIFIER = "kiko.ios-developer-community";
				PRODUCT_NAME = "$(TARGET_NAME)";
				SWIFT_EMIT_LOC_STRINGS = YES;
				SWIFT_VERSION = 5.0;
				TARGETED_DEVICE_FAMILY = "1,2";
			};
			name = Debug;
		};
		D287871C2815751D006CB00B /* Release */ = {
			isa = XCBuildConfiguration;
			baseConfigurationReference = C813EED3335884DA5A0F3C54 /* Pods-ios developer community.release.xcconfig */;
			buildSettings = {
				ASSETCATALOG_COMPILER_APPICON_NAME = AppIcon;
				ASSETCATALOG_COMPILER_GLOBAL_ACCENT_COLOR_NAME = AccentColor;
				CODE_SIGN_STYLE = Automatic;
				CURRENT_PROJECT_VERSION = 1;
				DEVELOPMENT_TEAM = UJ8B9FFXUA;
				GENERATE_INFOPLIST_FILE = YES;
				INFOPLIST_FILE = "ios developer community/Info.plist";
				INFOPLIST_KEY_UIApplicationSupportsIndirectInputEvents = YES;
				INFOPLIST_KEY_UILaunchStoryboardName = LaunchScreen;
				INFOPLIST_KEY_UISupportedInterfaceOrientations_iPad = "UIInterfaceOrientationPortrait UIInterfaceOrientationPortraitUpsideDown UIInterfaceOrientationLandscapeLeft UIInterfaceOrientationLandscapeRight";
				INFOPLIST_KEY_UISupportedInterfaceOrientations_iPhone = "UIInterfaceOrientationPortrait UIInterfaceOrientationLandscapeLeft UIInterfaceOrientationLandscapeRight";
				LD_RUNPATH_SEARCH_PATHS = (
					"$(inherited)",
					"@executable_path/Frameworks",
				);
				MARKETING_VERSION = 1.0;
				PRODUCT_BUNDLE_IDENTIFIER = "kiko.ios-developer-community";
				PRODUCT_NAME = "$(TARGET_NAME)";
				SWIFT_EMIT_LOC_STRINGS = YES;
				SWIFT_VERSION = 5.0;
				TARGETED_DEVICE_FAMILY = "1,2";
			};
			name = Release;
		};
/* End XCBuildConfiguration section */

/* Begin XCConfigurationList section */
		D28787012815751B006CB00B /* Build configuration list for PBXProject "ios developer community" */ = {
			isa = XCConfigurationList;
			buildConfigurations = (
				D28787182815751D006CB00B /* Debug */,
				D28787192815751D006CB00B /* Release */,
			);
			defaultConfigurationIsVisible = 0;
			defaultConfigurationName = Release;
		};
		D287871A2815751D006CB00B /* Build configuration list for PBXNativeTarget "ios developer community" */ = {
			isa = XCConfigurationList;
			buildConfigurations = (
				D287871B2815751D006CB00B /* Debug */,
				D287871C2815751D006CB00B /* Release */,
			);
			defaultConfigurationIsVisible = 0;
			defaultConfigurationName = Release;
		};
/* End XCConfigurationList section */
	};
	rootObject = D28786FE2815751B006CB00B /* Project object */;
}
